
Microsoft Visual Studio Solution File, Format Version 12.00
# Visual Studio 15
VisualStudioVersion = 15.0.27703.2026
MinimumVisualStudioVersion = 10.0.40219.1
Project("{FAE04EC0-301F-11D3-BF4B-00C04F79EFBC}") = "IdentityServer4App", "IdentityServer4App\IdentityServer4App.csproj", "{7D94A760-8D42-43EC-9584-FBE410608FE9}"
EndProject
Project("{FAE04EC0-301F-11D3-BF4B-00C04F79EFBC}") = "MvcClient", "MvcClient\MvcClient.csproj", "{5C4EAA32-A2CF-4332-9726-E58F68D29BA3}"
EndProject
Project("{FAE04EC0-301F-11D3-BF4B-00C04F79EFBC}") = "Api", "Api\Api.csproj", "{52F0B7B8-A103-4E91-9E6A-5863D25048E5}"
EndProject
Project("{FAE04EC0-301F-11D3-BF4B-00C04F79EFBC}") = "CustomApi", "CustomApi\CustomApi.csproj", "{F8DCC522-26D9-4BB7-90B6-A6AC5E80455B}"
EndProject
Global
	GlobalSection(SolutionConfigurationPlatforms) = preSolution
		Debug|Any CPU = Debug|Any CPU
		Release|Any CPU = Release|Any CPU
		DebugAll|Any CPU = DebugAll|Any CPU
	EndGlobalSection
	GlobalSection(ProjectConfigurationPlatforms) = postSolution
		{7D94A760-8D42-43EC-9584-FBE410608FE9}.Debug|Any CPU.ActiveCfg = Debug|Any CPU
		{7D94A760-8D42-43EC-9584-FBE410608FE9}.Debug|Any CPU.Build.0 = Debug|Any CPU
		{7D94A760-8D42-43EC-9584-FBE410608FE9}.Release|Any CPU.ActiveCfg = Release|Any CPU
		{7D94A760-8D42-43EC-9584-FBE410608FE9}.Release|Any CPU.Build.0 = Release|Any CPU
		{7D94A760-8D42-43EC-9584-FBE410608FE9}.DebugAll|Any CPU.ActiveCfg = DebugAll|Any CPU
		{7D94A760-8D42-43EC-9584-FBE410608FE9}.DebugAll|Any CPU.Build.0 = DebugAll|Any CPU
		{5C4EAA32-A2CF-4332-9726-E58F68D29BA3}.Debug|Any CPU.ActiveCfg = Debug|Any CPU
		{5C4EAA32-A2CF-4332-9726-E58F68D29BA3}.Debug|Any CPU.Build.0 = Debug|Any CPU
		{5C4EAA32-A2CF-4332-9726-E58F68D29BA3}.Release|Any CPU.ActiveCfg = Release|Any CPU
		{5C4EAA32-A2CF-4332-9726-E58F68D29BA3}.Release|Any CPU.Build.0 = Release|Any CPU
		{5C4EAA32-A2CF-4332-9726-E58F68D29BA3}.DebugAll|Any CPU.ActiveCfg = DebugAll|Any CPU
		{5C4EAA32-A2CF-4332-9726-E58F68D29BA3}.DebugAll|Any CPU.Build.0 = DebugAll|Any CPU
		{52F0B7B8-A103-4E91-9E6A-5863D25048E5}.Debug|Any CPU.ActiveCfg = Debug|Any CPU
		{52F0B7B8-A103-4E91-9E6A-5863D25048E5}.Debug|Any CPU.Build.0 = Debug|Any CPU
		{52F0B7B8-A103-4E91-9E6A-5863D25048E5}.Release|Any CPU.ActiveCfg = Release|Any CPU
		{52F0B7B8-A103-4E91-9E6A-5863D25048E5}.Release|Any CPU.Build.0 = Release|Any CPU
		{52F0B7B8-A103-4E91-9E6A-5863D25048E5}.DebugAll|Any CPU.ActiveCfg = DebugAll|Any CPU
		{52F0B7B8-A103-4E91-9E6A-5863D25048E5}.DebugAll|Any CPU.Build.0 = DebugAll|Any CPU
		{F8DCC522-26D9-4BB7-90B6-A6AC5E80455B}.Debug|Any CPU.ActiveCfg = Debug|Any CPU
		{F8DCC522-26D9-4BB7-90B6-A6AC5E80455B}.Debug|Any CPU.Build.0 = Debug|Any CPU
		{F8DCC522-26D9-4BB7-90B6-A6AC5E80455B}.Release|Any CPU.ActiveCfg = Release|Any CPU
		{F8DCC522-26D9-4BB7-90B6-A6AC5E80455B}.Release|Any CPU.Build.0 = Release|Any CPU
		{F8DCC522-26D9-4BB7-90B6-A6AC5E80455B}.DebugAll|Any CPU.ActiveCfg = Debug|Any CPU
		{F8DCC522-26D9-4BB7-90B6-A6AC5E80455B}.DebugAll|Any CPU.Build.0 = Debug|Any CPU
	EndGlobalSection
	GlobalSection(SolutionProperties) = preSolution
		HideSolutionNode = FALSE
	EndGlobalSection
	GlobalSection(ExtensibilityGlobals) = postSolution
		SolutionGuid = {CFFC7048-1084-4032-8B49-1E62416D0F94}
	EndGlobalSection
	GlobalSection(MonoDevelopProperties) = preSolution
		Policies = $0
		$0.DotNetNamingPolicy = $1
		$1.DirectoryNamespaceAssociation = PrefixedHierarchical
		$0.VersionControlPolicy = $2
	EndGlobalSection
EndGlobal
